
Microsoft Visual Studio Solution File, Format Version 12.00
# Visual Studio 15
VisualStudioVersion = 15.0.27004.2006
MinimumVisualStudioVersion = 10.0.40219.1
Project("{FAE04EC0-301F-11D3-BF4B-00C04F79EFBC}") = "GraphicsProject", "GraphicsProject\GraphicsProject.csproj", "{B06426ED-8F8E-4C3B-A884-D5F504C6AF55}"
EndProject
Project("{FAE04EC0-301F-11D3-BF4B-00C04F79EFBC}") = "Graphics3DCube", "Graphics3DCube\Graphics3DCube.csproj", "{1C3B58EA-4A53-7998-5FF5-66A233438265}"
EndProject
Global
	GlobalSection(SolutionConfigurationPlatforms) = preSolution
		Debug|Any CPU = Debug|Any CPU
		Debug|ARM = Debug|ARM
		Debug|x64 = Debug|x64
		Debug|x86 = Debug|x86
		Release|Any CPU = Release|Any CPU
		Release|ARM = Release|ARM
		Release|x64 = Release|x64
		Release|x86 = Release|x86
	EndGlobalSection
	GlobalSection(ProjectConfigurationPlatforms) = postSolution
		{B06426ED-8F8E-4C3B-A884-D5F504C6AF55}.Debug|Any CPU.ActiveCfg = Debug|x86
		{B06426ED-8F8E-4C3B-A884-D5F504C6AF55}.Debug|ARM.ActiveCfg = Debug|ARM
		{B06426ED-8F8E-4C3B-A884-D5F504C6AF55}.Debug|ARM.Build.0 = Debug|ARM
		{B06426ED-8F8E-4C3B-A884-D5F504C6AF55}.Debug|ARM.Deploy.0 = Debug|ARM
		{B06426ED-8F8E-4C3B-A884-D5F504C6AF55}.Debug|x64.ActiveCfg = Debug|x64
		{B06426ED-8F8E-4C3B-A884-D5F504C6AF55}.Debug|x64.Build.0 = Debug|x64
		{B06426ED-8F8E-4C3B-A884-D5F504C6AF55}.Debug|x64.Deploy.0 = Debug|x64
		{B06426ED-8F8E-4C3B-A884-D5F504C6AF55}.Debug|x86.ActiveCfg = Debug|x86
		{B06426ED-8F8E-4C3B-A884-D5F504C6AF55}.Debug|x86.Build.0 = Debug|x86
		{B06426ED-8F8E-4C3B-A884-D5F504C6AF55}.Debug|x86.Deploy.0 = Debug|x86
		{B06426ED-8F8E-4C3B-A884-D5F504C6AF55}.Release|Any CPU.ActiveCfg = Release|x86
		{B06426ED-8F8E-4C3B-A884-D5F504C6AF55}.Release|ARM.ActiveCfg = Release|ARM
		{B06426ED-8F8E-4C3B-A884-D5F504C6AF55}.Release|ARM.Build.0 = Release|ARM
		{B06426ED-8F8E-4C3B-A884-D5F504C6AF55}.Release|ARM.Deploy.0 = Release|ARM
		{B06426ED-8F8E-4C3B-A884-D5F504C6AF55}.Release|x64.ActiveCfg = Release|x64
		{B06426ED-8F8E-4C3B-A884-D5F504C6AF55}.Release|x64.Build.0 = Release|x64
		{B06426ED-8F8E-4C3B-A884-D5F504C6AF55}.Release|x64.Deploy.0 = Release|x64
		{B06426ED-8F8E-4C3B-A884-D5F504C6AF55}.Release|x86.ActiveCfg = Release|x86
		{B06426ED-8F8E-4C3B-A884-D5F504C6AF55}.Release|x86.Build.0 = Release|x86
		{B06426ED-8F8E-4C3B-A884-D5F504C6AF55}.Release|x86.Deploy.0 = Release|x86
		{1C3B58EA-4A53-7998-5FF5-66A233438265}.Debug|Any CPU.ActiveCfg = Debug|Any CPU
		{1C3B58EA-4A53-7998-5FF5-66A233438265}.Debug|Any CPU.Build.0 = Debug|Any CPU
		{1C3B58EA-4A53-7998-5FF5-66A233438265}.Debug|ARM.ActiveCfg = Debug|Any CPU
		{1C3B58EA-4A53-7998-5FF5-66A233438265}.Debug|ARM.Build.0 = Debug|Any CPU
		{1C3B58EA-4A53-7998-5FF5-66A233438265}.Debug|x64.ActiveCfg = Debug|Any CPU
		{1C3B58EA-4A53-7998-5FF5-66A233438265}.Debug|x64.Build.0 = Debug|Any CPU
		{1C3B58EA-4A53-7998-5FF5-66A233438265}.Debug|x86.ActiveCfg = Debug|Any CPU
		{1C3B58EA-4A53-7998-5FF5-66A233438265}.Debug|x86.Build.0 = Debug|Any CPU
		{1C3B58EA-4A53-7998-5FF5-66A233438265}.Release|Any CPU.ActiveCfg = Release|Any CPU
		{1C3B58EA-4A53-7998-5FF5-66A233438265}.Release|Any CPU.Build.0 = Release|Any CPU
		{1C3B58EA-4A53-7998-5FF5-66A233438265}.Release|ARM.ActiveCfg = Release|Any CPU
		{1C3B58EA-4A53-7998-5FF5-66A233438265}.Release|ARM.Build.0 = Release|Any CPU
		{1C3B58EA-4A53-7998-5FF5-66A233438265}.Release|x64.ActiveCfg = Release|Any CPU
		{1C3B58EA-4A53-7998-5FF5-66A233438265}.Release|x64.Build.0 = Release|Any CPU
		{1C3B58EA-4A53-7998-5FF5-66A233438265}.Release|x86.ActiveCfg = Release|Any CPU
		{1C3B58EA-4A53-7998-5FF5-66A233438265}.Release|x86.Build.0 = Release|Any CPU
	EndGlobalSection
	GlobalSection(SolutionProperties) = preSolution
		HideSolutionNode = FALSE
	EndGlobalSection
	GlobalSection(ExtensibilityGlobals) = postSolution
		SolutionGuid = {9D4F3EEA-0556-49B1-AEE2-2A91625B20FC}
	EndGlobalSection
EndGlobal
