
Microsoft Visual Studio Solution File, Format Version 12.00
# Visual Studio 2017
Project("{FAE04EC0-301F-11D3-BF4B-00C04F79EFBC}") = "Graphics3DCube", "Graphics3DCube.csproj", "{1C3B58EA-4A53-7998-5FF5-66A233438265}"
EndProject
Global
	GlobalSection(SolutionConfigurationPlatforms) = preSolution
		Debug|Any CPU = Debug|Any CPU
		Release|Any CPU = Release|Any CPU
	EndGlobalSection
	GlobalSection(ProjectConfigurationPlatforms) = postSolution
		{1C3B58EA-4A53-7998-5FF5-66A233438265}.Debug|Any CPU.ActiveCfg = Debug|Any CPU
		{1C3B58EA-4A53-7998-5FF5-66A233438265}.Debug|Any CPU.Build.0 = Debug|Any CPU
		{1C3B58EA-4A53-7998-5FF5-66A233438265}.Release|Any CPU.ActiveCfg = Release|Any CPU
		{1C3B58EA-4A53-7998-5FF5-66A233438265}.Release|Any CPU.Build.0 = Release|Any CPU
	EndGlobalSection
	GlobalSection(SolutionProperties) = preSolution
		HideSolutionNode = FALSE
	EndGlobalSection
EndGlobal
